Microsoft Visual Studio Solution File, Format Version 11.00
# Visual Studio 2008

Project("{B0661F82-5C30-CC1B-0C56-71D1F5B1346B}") = "unityClientSample", "Assembly-CSharp.csproj", "{96BAF4E5-1461-8575-CF0D-130B377611D5}"
EndProject
Global
	GlobalSection(SolutionConfigurationPlatforms) = preSolution
		Debug|Any CPU = Debug|Any CPU
		Release|Any CPU = Release|Any CPU
	EndGlobalSection
	GlobalSection(ProjectConfigurationPlatforms) = postSolution
		{96BAF4E5-1461-8575-CF0D-130B377611D5}.Debug|Any CPU.ActiveCfg = Debug|Any CPU
		{96BAF4E5-1461-8575-CF0D-130B377611D5}.Debug|Any CPU.Build.0 = Debug|Any CPU
		{96BAF4E5-1461-8575-CF0D-130B377611D5}.Release|Any CPU.ActiveCfg = Release|Any CPU
		{96BAF4E5-1461-8575-CF0D-130B377611D5}.Release|Any CPU.Build.0 = Release|Any CPU
	EndGlobalSection
	GlobalSection(SolutionProperties) = preSolution
		HideSolutionNode = FALSE
	EndGlobalSection
	GlobalSection(MonoDevelopProperties) = preSolution
		StartupItem = Assembly-CSharp.csproj
	EndGlobalSection
EndGlobal
